
Microsoft Visual Studio Solution File, Format Version 12.00
# Visual Studio 15
VisualStudioVersion = 15.0.26730.12
MinimumVisualStudioVersion = 10.0.40219.1
Project("{9A19103F-16F7-4668-BE54-9A1E7A4F7556}") = "JeffFerguson.Gepsio", "JeffFerguson.Gepsio\JeffFerguson.Gepsio.csproj", "{113DAA29-48E6-4102-8519-21841817717B}"
EndProject
Project("{9A19103F-16F7-4668-BE54-9A1E7A4F7556}") = "JeffFerguson.Gepsio.Test", "JeffFerguson.Gepsio.Test\JeffFerguson.Gepsio.Test.csproj", "{81F5A54C-1BAA-4555-8C71-31AA4DF11BCD}"
EndProject
Project("{2150E333-8FDC-42A3-9474-1A3956D46DE8}") = "Solution Items", "Solution Items", "{B53EF0AA-44E6-4229-AB2B-7DE6F47B94C7}"
	ProjectSection(SolutionItems) = preProject
		readme.md = readme.md
	EndProjectSection
EndProject
Project("{FAE04EC0-301F-11D3-BF4B-00C04F79EFBC}") = "TestXbrl", "TestXbrl\TestXbrl.csproj", "{55C5D07C-3355-4959-8497-A075988517B2}"
EndProject
Global
	GlobalSection(SolutionConfigurationPlatforms) = preSolution
		Debug|Any CPU = Debug|Any CPU
		Release|Any CPU = Release|Any CPU
	EndGlobalSection
	GlobalSection(ProjectConfigurationPlatforms) = postSolution
		{113DAA29-48E6-4102-8519-21841817717B}.Debug|Any CPU.ActiveCfg = Debug|Any CPU
		{113DAA29-48E6-4102-8519-21841817717B}.Debug|Any CPU.Build.0 = Debug|Any CPU
		{113DAA29-48E6-4102-8519-21841817717B}.Release|Any CPU.ActiveCfg = Release|Any CPU
		{113DAA29-48E6-4102-8519-21841817717B}.Release|Any CPU.Build.0 = Release|Any CPU
		{81F5A54C-1BAA-4555-8C71-31AA4DF11BCD}.Debug|Any CPU.ActiveCfg = Debug|Any CPU
		{81F5A54C-1BAA-4555-8C71-31AA4DF11BCD}.Debug|Any CPU.Build.0 = Debug|Any CPU
		{81F5A54C-1BAA-4555-8C71-31AA4DF11BCD}.Release|Any CPU.ActiveCfg = Release|Any CPU
		{81F5A54C-1BAA-4555-8C71-31AA4DF11BCD}.Release|Any CPU.Build.0 = Release|Any CPU
		{55C5D07C-3355-4959-8497-A075988517B2}.Debug|Any CPU.ActiveCfg = Debug|Any CPU
		{55C5D07C-3355-4959-8497-A075988517B2}.Debug|Any CPU.Build.0 = Debug|Any CPU
		{55C5D07C-3355-4959-8497-A075988517B2}.Release|Any CPU.ActiveCfg = Release|Any CPU
		{55C5D07C-3355-4959-8497-A075988517B2}.Release|Any CPU.Build.0 = Release|Any CPU
	EndGlobalSection
	GlobalSection(SolutionProperties) = preSolution
		HideSolutionNode = FALSE
	EndGlobalSection
	GlobalSection(ExtensibilityGlobals) = postSolution
		SolutionGuid = {66D6765D-440E-4A82-BC6E-0628A4A0618C}
	EndGlobalSection
EndGlobal
