
Microsoft Visual Studio Solution File, Format Version 12.00
# Visual Studio 15
VisualStudioVersion = 15.0.26730.16
MinimumVisualStudioVersion = 10.0.40219.1
Project("{9A19103F-16F7-4668-BE54-9A1E7A4F7556}") = "JeffFerguson.Gepsio", "JeffFerguson.Gepsio\JeffFerguson.Gepsio.csproj", "{113DAA29-48E6-4102-8519-21841817717B}"
EndProject
Project("{9A19103F-16F7-4668-BE54-9A1E7A4F7556}") = "JeffFerguson.Gepsio.Test", "JeffFerguson.Gepsio.Test\JeffFerguson.Gepsio.Test.csproj", "{81F5A54C-1BAA-4555-8C71-31AA4DF11BCD}"
EndProject
Project("{2150E333-8FDC-42A3-9474-1A3956D46DE8}") = "Solution Items", "Solution Items", "{B53EF0AA-44E6-4229-AB2B-7DE6F47B94C7}"
	ProjectSection(SolutionItems) = preProject
		JeffFerguson.Gepsio.Test\AllIssueTests.playlist = JeffFerguson.Gepsio.Test\AllIssueTests.playlist
		JeffFerguson.Gepsio.Test\Conformance2014.playlist = JeffFerguson.Gepsio.Test\Conformance2014.playlist
		contributing.md = contributing.md
		readme.md = readme.md
	EndProjectSection
EndProject
Project("{2150E333-8FDC-42A3-9474-1A3956D46DE8}") = "CSharp", "CSharp", "{BF2C0A53-F1C4-4F35-9C9A-E0216745A023}"
EndProject
Project("{2150E333-8FDC-42A3-9474-1A3956D46DE8}") = "VBNet", "VBNet", "{2B52986E-F25A-4D24-AE8D-030E0D30000B}"
EndProject
Project("{2150E333-8FDC-42A3-9474-1A3956D46DE8}") = "Examples", "Examples", "{7455EAEB-9C1A-45FD-A081-995D03D3928B}"
EndProject
Project("{9A19103F-16F7-4668-BE54-9A1E7A4F7556}") = "CS-Contexts", "Examples\CSharp\Contexts\CS-Contexts.csproj", "{B21443F2-DF70-4B56-8F7A-4055D66D764C}"
EndProject
Project("{9A19103F-16F7-4668-BE54-9A1E7A4F7556}") = "CS-Facts", "Examples\CSharp\Facts\CS-Facts.csproj", "{EF65932C-EB62-45E4-99AF-DCEF640902D8}"
EndProject
Project("{9A19103F-16F7-4668-BE54-9A1E7A4F7556}") = "CS-FactWeights", "Examples\CSharp\FactWeights\CS-FactWeights.csproj", "{62A45109-2206-43C0-9A0E-5A17E2E78EEB}"
EndProject
Project("{9A19103F-16F7-4668-BE54-9A1E7A4F7556}") = "CS-Fragments", "Examples\CSharp\Fragments\CS-Fragments.csproj", "{64B77839-DC40-4D76-B5D1-A06F60C6CBE3}"
EndProject
Project("{9A19103F-16F7-4668-BE54-9A1E7A4F7556}") = "CS-Load", "Examples\CSharp\Load\CS-Load.csproj", "{B59948B4-AD3B-41E6-A79E-9C5EF28EE5B1}"
EndProject
Project("{9A19103F-16F7-4668-BE54-9A1E7A4F7556}") = "CS-Units", "Examples\CSharp\Units\CS-Units.csproj", "{A5EA8EB3-3F51-4E68-8E55-619B9EBCD200}"
EndProject
Project("{9A19103F-16F7-4668-BE54-9A1E7A4F7556}") = "CS-ValidityChecks", "Examples\CSharp\ValidityChecks\CS-ValidityChecks.csproj", "{C3001F22-130F-4BF7-8B80-9C358995F77F}"
EndProject
Project("{778DAE3C-4631-46EA-AA77-85C1314464D9}") = "VB-Load", "Examples\VBNet\VB-Load\VB-Load.vbproj", "{8E0CF529-3AF5-4D8E-AA85-BB2A92716142}"
EndProject
Project("{2150E333-8FDC-42A3-9474-1A3956D46DE8}") = "FSharp", "FSharp", "{E85AD6CE-FD56-4964-B6B6-27155121CC06}"
EndProject
Project("{6EC3EE1D-3C4E-46DD-8F32-0CC8E7565705}") = "FS-Load", "Examples\FSharp\FS-Load\FS-Load.fsproj", "{77184542-A479-4C8B-9C69-CBBB2DDDEDB8}"
EndProject
Project("{2150E333-8FDC-42A3-9474-1A3956D46DE8}") = "PowerShell", "PowerShell", "{7BE7AC00-EE8A-443E-B4A7-513586C967C7}"
	ProjectSection(SolutionItems) = preProject
		Examples\PowerShell\load.ps1 = Examples\PowerShell\load.ps1
	EndProjectSection
EndProject
Project("{778DAE3C-4631-46EA-AA77-85C1314464D9}") = "VB-ValidityChecks", "Examples\VBNet\VB-ValidityChecks\VB-ValidityChecks.vbproj", "{4466F96A-BA67-4AF1-99E4-42B0196CE126}"
EndProject
Project("{6EC3EE1D-3C4E-46DD-8F32-0CC8E7565705}") = "FS-ValidityChecks", "Examples\FSharp\FS-ValidityChecks\FS-ValidityChecks.fsproj", "{240ACE45-827F-4BF4-A8B2-A665F60543D4}"
EndProject
Global
	GlobalSection(SolutionConfigurationPlatforms) = preSolution
		Debug|Any CPU = Debug|Any CPU
		Release|Any CPU = Release|Any CPU
	EndGlobalSection
	GlobalSection(ProjectConfigurationPlatforms) = postSolution
		{113DAA29-48E6-4102-8519-21841817717B}.Debug|Any CPU.ActiveCfg = Debug|Any CPU
		{113DAA29-48E6-4102-8519-21841817717B}.Debug|Any CPU.Build.0 = Debug|Any CPU
		{113DAA29-48E6-4102-8519-21841817717B}.Release|Any CPU.ActiveCfg = Release|Any CPU
		{113DAA29-48E6-4102-8519-21841817717B}.Release|Any CPU.Build.0 = Release|Any CPU
		{81F5A54C-1BAA-4555-8C71-31AA4DF11BCD}.Debug|Any CPU.ActiveCfg = Debug|Any CPU
		{81F5A54C-1BAA-4555-8C71-31AA4DF11BCD}.Debug|Any CPU.Build.0 = Debug|Any CPU
		{81F5A54C-1BAA-4555-8C71-31AA4DF11BCD}.Release|Any CPU.ActiveCfg = Release|Any CPU
		{81F5A54C-1BAA-4555-8C71-31AA4DF11BCD}.Release|Any CPU.Build.0 = Release|Any CPU
		{B21443F2-DF70-4B56-8F7A-4055D66D764C}.Debug|Any CPU.ActiveCfg = Debug|Any CPU
		{B21443F2-DF70-4B56-8F7A-4055D66D764C}.Debug|Any CPU.Build.0 = Debug|Any CPU
		{B21443F2-DF70-4B56-8F7A-4055D66D764C}.Release|Any CPU.ActiveCfg = Release|Any CPU
		{B21443F2-DF70-4B56-8F7A-4055D66D764C}.Release|Any CPU.Build.0 = Release|Any CPU
		{EF65932C-EB62-45E4-99AF-DCEF640902D8}.Debug|Any CPU.ActiveCfg = Debug|Any CPU
		{EF65932C-EB62-45E4-99AF-DCEF640902D8}.Debug|Any CPU.Build.0 = Debug|Any CPU
		{EF65932C-EB62-45E4-99AF-DCEF640902D8}.Release|Any CPU.ActiveCfg = Release|Any CPU
		{EF65932C-EB62-45E4-99AF-DCEF640902D8}.Release|Any CPU.Build.0 = Release|Any CPU
		{62A45109-2206-43C0-9A0E-5A17E2E78EEB}.Debug|Any CPU.ActiveCfg = Debug|Any CPU
		{62A45109-2206-43C0-9A0E-5A17E2E78EEB}.Debug|Any CPU.Build.0 = Debug|Any CPU
		{62A45109-2206-43C0-9A0E-5A17E2E78EEB}.Release|Any CPU.ActiveCfg = Release|Any CPU
		{62A45109-2206-43C0-9A0E-5A17E2E78EEB}.Release|Any CPU.Build.0 = Release|Any CPU
		{64B77839-DC40-4D76-B5D1-A06F60C6CBE3}.Debug|Any CPU.ActiveCfg = Debug|Any CPU
		{64B77839-DC40-4D76-B5D1-A06F60C6CBE3}.Debug|Any CPU.Build.0 = Debug|Any CPU
		{64B77839-DC40-4D76-B5D1-A06F60C6CBE3}.Release|Any CPU.ActiveCfg = Release|Any CPU
		{64B77839-DC40-4D76-B5D1-A06F60C6CBE3}.Release|Any CPU.Build.0 = Release|Any CPU
		{B59948B4-AD3B-41E6-A79E-9C5EF28EE5B1}.Debug|Any CPU.ActiveCfg = Debug|Any CPU
		{B59948B4-AD3B-41E6-A79E-9C5EF28EE5B1}.Debug|Any CPU.Build.0 = Debug|Any CPU
		{B59948B4-AD3B-41E6-A79E-9C5EF28EE5B1}.Release|Any CPU.ActiveCfg = Release|Any CPU
		{B59948B4-AD3B-41E6-A79E-9C5EF28EE5B1}.Release|Any CPU.Build.0 = Release|Any CPU
		{A5EA8EB3-3F51-4E68-8E55-619B9EBCD200}.Debug|Any CPU.ActiveCfg = Debug|Any CPU
		{A5EA8EB3-3F51-4E68-8E55-619B9EBCD200}.Debug|Any CPU.Build.0 = Debug|Any CPU
		{A5EA8EB3-3F51-4E68-8E55-619B9EBCD200}.Release|Any CPU.ActiveCfg = Release|Any CPU
		{A5EA8EB3-3F51-4E68-8E55-619B9EBCD200}.Release|Any CPU.Build.0 = Release|Any CPU
		{C3001F22-130F-4BF7-8B80-9C358995F77F}.Debug|Any CPU.ActiveCfg = Debug|Any CPU
		{C3001F22-130F-4BF7-8B80-9C358995F77F}.Debug|Any CPU.Build.0 = Debug|Any CPU
		{C3001F22-130F-4BF7-8B80-9C358995F77F}.Release|Any CPU.ActiveCfg = Release|Any CPU
		{C3001F22-130F-4BF7-8B80-9C358995F77F}.Release|Any CPU.Build.0 = Release|Any CPU
		{8E0CF529-3AF5-4D8E-AA85-BB2A92716142}.Debug|Any CPU.ActiveCfg = Debug|Any CPU
		{8E0CF529-3AF5-4D8E-AA85-BB2A92716142}.Debug|Any CPU.Build.0 = Debug|Any CPU
		{8E0CF529-3AF5-4D8E-AA85-BB2A92716142}.Release|Any CPU.ActiveCfg = Release|Any CPU
		{8E0CF529-3AF5-4D8E-AA85-BB2A92716142}.Release|Any CPU.Build.0 = Release|Any CPU
		{77184542-A479-4C8B-9C69-CBBB2DDDEDB8}.Debug|Any CPU.ActiveCfg = Debug|Any CPU
		{77184542-A479-4C8B-9C69-CBBB2DDDEDB8}.Debug|Any CPU.Build.0 = Debug|Any CPU
		{77184542-A479-4C8B-9C69-CBBB2DDDEDB8}.Release|Any CPU.ActiveCfg = Release|Any CPU
		{77184542-A479-4C8B-9C69-CBBB2DDDEDB8}.Release|Any CPU.Build.0 = Release|Any CPU
		{4466F96A-BA67-4AF1-99E4-42B0196CE126}.Debug|Any CPU.ActiveCfg = Debug|Any CPU
		{4466F96A-BA67-4AF1-99E4-42B0196CE126}.Debug|Any CPU.Build.0 = Debug|Any CPU
		{4466F96A-BA67-4AF1-99E4-42B0196CE126}.Release|Any CPU.ActiveCfg = Release|Any CPU
		{4466F96A-BA67-4AF1-99E4-42B0196CE126}.Release|Any CPU.Build.0 = Release|Any CPU
		{240ACE45-827F-4BF4-A8B2-A665F60543D4}.Debug|Any CPU.ActiveCfg = Debug|Any CPU
		{240ACE45-827F-4BF4-A8B2-A665F60543D4}.Debug|Any CPU.Build.0 = Debug|Any CPU
		{240ACE45-827F-4BF4-A8B2-A665F60543D4}.Release|Any CPU.ActiveCfg = Release|Any CPU
		{240ACE45-827F-4BF4-A8B2-A665F60543D4}.Release|Any CPU.Build.0 = Release|Any CPU
	EndGlobalSection
	GlobalSection(SolutionProperties) = preSolution
		HideSolutionNode = FALSE
	EndGlobalSection
	GlobalSection(NestedProjects) = preSolution
		{BF2C0A53-F1C4-4F35-9C9A-E0216745A023} = {7455EAEB-9C1A-45FD-A081-995D03D3928B}
		{2B52986E-F25A-4D24-AE8D-030E0D30000B} = {7455EAEB-9C1A-45FD-A081-995D03D3928B}
		{7455EAEB-9C1A-45FD-A081-995D03D3928B} = {B53EF0AA-44E6-4229-AB2B-7DE6F47B94C7}
		{B21443F2-DF70-4B56-8F7A-4055D66D764C} = {BF2C0A53-F1C4-4F35-9C9A-E0216745A023}
		{EF65932C-EB62-45E4-99AF-DCEF640902D8} = {BF2C0A53-F1C4-4F35-9C9A-E0216745A023}
		{62A45109-2206-43C0-9A0E-5A17E2E78EEB} = {BF2C0A53-F1C4-4F35-9C9A-E0216745A023}
		{64B77839-DC40-4D76-B5D1-A06F60C6CBE3} = {BF2C0A53-F1C4-4F35-9C9A-E0216745A023}
		{B59948B4-AD3B-41E6-A79E-9C5EF28EE5B1} = {BF2C0A53-F1C4-4F35-9C9A-E0216745A023}
		{A5EA8EB3-3F51-4E68-8E55-619B9EBCD200} = {BF2C0A53-F1C4-4F35-9C9A-E0216745A023}
		{C3001F22-130F-4BF7-8B80-9C358995F77F} = {BF2C0A53-F1C4-4F35-9C9A-E0216745A023}
		{8E0CF529-3AF5-4D8E-AA85-BB2A92716142} = {2B52986E-F25A-4D24-AE8D-030E0D30000B}
		{E85AD6CE-FD56-4964-B6B6-27155121CC06} = {7455EAEB-9C1A-45FD-A081-995D03D3928B}
		{77184542-A479-4C8B-9C69-CBBB2DDDEDB8} = {E85AD6CE-FD56-4964-B6B6-27155121CC06}
		{7BE7AC00-EE8A-443E-B4A7-513586C967C7} = {7455EAEB-9C1A-45FD-A081-995D03D3928B}
		{4466F96A-BA67-4AF1-99E4-42B0196CE126} = {2B52986E-F25A-4D24-AE8D-030E0D30000B}
		{240ACE45-827F-4BF4-A8B2-A665F60543D4} = {E85AD6CE-FD56-4964-B6B6-27155121CC06}
	EndGlobalSection
	GlobalSection(ExtensibilityGlobals) = postSolution
		SolutionGuid = {66D6765D-440E-4A82-BC6E-0628A4A0618C}
	EndGlobalSection
EndGlobal
